{
  "version": "5",
  "specifiers": {
    "jsr:@std/assert@*": "1.0.19",
    "jsr:@std/internal@^1.0.12": "1.0.12",
    "jsr:@supabase/functions-js@*": "2.97.0",
    "jsr:@supabase/functions-js@^0.0.0-automated": "0.0.0-jsr-test.1",
    "jsr:@supabase/supabase-js@2": "2.97.0"
  },
  "jsr": {
    "@std/assert@1.0.19": {
      "integrity": "eaada96ee120cb980bc47e040f82814d786fe8162ecc53c91d8df60b8755991e",
      "dependencies": [
        "jsr:@std/internal"
      ]
    },
    "@std/internal@1.0.12": {
      "integrity": "972a634fd5bc34b242024402972cd5143eac68d8dffaca5eaa4dba30ce17b027"
    },
    "@supabase/functions-js@0.0.0-jsr-test.1": {
      "integrity": "b1b37924af1f0011b4753201e1585a37b030e996c6682492e02575eb27d902b2"
    },
    "@supabase/functions-js@2.97.0": {
      "integrity": "f33893e8f742d7b83a3f52750a79edd5bf6c869411d126d509fe3327f39f54c2"
    },
    "@supabase/supabase-js@2.97.0": {
      "integrity": "b14a91e5ec731a82f2709dc8434f8320e15931c563167e09754814cc94a0391d",
      "dependencies": [
        "jsr:@supabase/functions-js@^0.0.0-automated"
      ]
    }
  },
  "workspace": {
    "packageJson": {
      "dependencies": [
        "npm:@expo-google-fonts/eb-garamond@~0.4.2",
        "npm:@expo/vector-icons@^15.0.3",
        "npm:@react-native-async-storage/async-storage@2.2.0",
        "npm:@react-navigation/bottom-tabs@^7.4.0",
        "npm:@react-navigation/elements@^2.6.3",
        "npm:@react-navigation/native@^7.1.8",
        "npm:@supabase/auth-js@^2.97.0",
        "npm:@supabase/functions-js@^2.97.0",
        "npm:@supabase/postgrest-js@^2.97.0",
        "npm:@supabase/realtime-js@^2.97.0",
        "npm:@supabase/storage-js@^2.97.0",
        "npm:@supabase/supabase-js@^2.90.1",
        "npm:@types/aes-js@^3.1.4",
        "npm:@types/node@^25.4.0",
        "npm:@types/react@19.1",
        "npm:@types/string-similarity@^4.0.2",
        "npm:aes-js@^3.1.2",
        "npm:eslint-config-expo@10.0",
        "npm:eslint@^9.25.0",
        "npm:expo-auth-session@~7.0.10",
        "npm:expo-av@~16.0.8",
        "npm:expo-constants@~18.0.13",
        "npm:expo-crypto@~15.0.8",
        "npm:expo-dev-client@~6.0.20",
        "npm:expo-file-system@~19.0.21",
        "npm:expo-font@~14.0.10",
        "npm:expo-haptics@~15.0.8",
        "npm:expo-image@~3.0.11",
        "npm:expo-linear-gradient@~15.0.8",
        "npm:expo-linking@~8.0.11",
        "npm:expo-router@~6.0.21",
        "npm:expo-secure-store@~15.0.8",
        "npm:expo-speech@~14.0.8",
        "npm:expo-splash-screen@~31.0.13",
        "npm:expo-status-bar@~3.0.9",
        "npm:expo-symbols@~1.0.8",
        "npm:expo-system-ui@~6.0.9",
        "npm:expo-video@~3.0.15",
        "npm:expo-web-browser@~15.0.10",
        "npm:expo@~54.0.31",
        "npm:openai@^4.104.0",
        "npm:react-dom@19.1.0",
        "npm:react-native-confetti-cannon@^1.5.2",
        "npm:react-native-gesture-handler@2.28",
        "npm:react-native-get-random-values@2",
        "npm:react-native-purchases@^8.2.5",
        "npm:react-native-reanimated@~4.1.1",
        "npm:react-native-safe-area-context@5.6",
        "npm:react-native-screens@4.16",
        "npm:react-native-size-matters@~0.4.2",
        "npm:react-native-svg@15.12.1",
        "npm:react-native-url-polyfill@3",
        "npm:react-native-uuid@^2.0.3",
        "npm:react-native-web@0.21",
        "npm:react-native-worklets@0.5.1",
        "npm:react-native@0.81.5",
        "npm:react@19.1.0",
        "npm:sonner-native@~0.23.1",
        "npm:string-similarity@^4.0.4",
        "npm:ts-node@^10.9.2",
        "npm:typescript@~5.9.2"
      ]
    }
  }
}
